PODS:
  - Nimble (7.0.3)
  - PromiseKit (4.5.0):
    - PromiseKit/Foundation (= 4.5.0)
    - PromiseKit/QuartzCore (= 4.5.0)
    - PromiseKit/UIKit (= 4.5.0)
  - PromiseKit/CorePromise (4.5.0)
  - PromiseKit/Foundation (4.5.0):
    - PromiseKit/CorePromise
  - PromiseKit/QuartzCore (4.5.0):
    - PromiseKit/CorePromise
  - PromiseKit/UIKit (4.5.0):
    - PromiseKit/CorePromise
  - Quick (1.2.0)

DEPENDENCIES:
  - Nimble
  - PromiseKit (~> 4.4)
  - Quick

SPEC CHECKSUMS:
  Nimble: 7f5a9c447a33002645a071bddafbfb24ea70e0ac
  PromiseKit: 9c1d9f6d7b65e3951a90bea7f407c56972be5d8e
  Quick: 58d203b1c5e27fff7229c4c1ae445ad7069a7a08

PODFILE CHECKSUM: 259ffe9389a8a607c435ee42a0c41fe2cc423ea8

COCOAPODS: 1.3.1
