// !$*UTF8*$!
{
	archiveVersion = 1;
	classes = {
	};
	objectVersion = 48;
	objects = {

/* Begin PBXBuildFile section */
		4318DF3A1FC50A84001E5EFD /* CurrencyListDataSourceTests.swift in Sources */ = {isa = PBXBuildFile; fileRef = 4318DF391FC50A84001E5EFD /* CurrencyListDataSourceTests.swift */; };
		431BD9F71FC8D5960019FD2C /* CurrencyEditInteractorTests.swift in Sources */ = {isa = PBXBuildFile; fileRef = 431BD9F61FC8D5960019FD2C /* CurrencyEditInteractorTests.swift */; };
		431BD9FB1FC8D6C30019FD2C /* CurrencyEditLocalDataManagerTests.swift in Sources */ = {isa = PBXBuildFile; fileRef = 431BD9FA1FC8D6C30019FD2C /* CurrencyEditLocalDataManagerTests.swift */; };
		4335433C1FE6ECC500362E48 /* FoundationComponents.framework in Frameworks */ = {isa = PBXBuildFile; fileRef = 4335433D1FE6ECC500362E48 /* FoundationComponents.framework */; };
		434278651FC09A380045304C /* UIStoryboard+Extensions.swift in Sources */ = {isa = PBXBuildFile; fileRef = 434278641FC09A380045304C /* UIStoryboard+Extensions.swift */; };
		434278671FC09A8B0045304C /* Bundle+Extensions.swift in Sources */ = {isa = PBXBuildFile; fileRef = 434278661FC09A8B0045304C /* Bundle+Extensions.swift */; };
		434278691FC09CA70045304C /* CurrencyListRouter.swift in Sources */ = {isa = PBXBuildFile; fileRef = 434278681FC09CA70045304C /* CurrencyListRouter.swift */; };
		4342786B1FC09D1E0045304C /* AppDelegateTests.swift in Sources */ = {isa = PBXBuildFile; fileRef = 4342786A1FC09D1E0045304C /* AppDelegateTests.swift */; };
		4342786D1FC09F180045304C /* CurrencyListViewController.swift in Sources */ = {isa = PBXBuildFile; fileRef = 4342786C1FC09F180045304C /* CurrencyListViewController.swift */; };
		434278991FC0D5E60045304C /* CurrencyListPresenter.swift in Sources */ = {isa = PBXBuildFile; fileRef = 434278981FC0D5E60045304C /* CurrencyListPresenter.swift */; };
		4342789C1FC0D7350045304C /* CurrencyListInteractor.swift in Sources */ = {isa = PBXBuildFile; fileRef = 4342789B1FC0D7350045304C /* CurrencyListInteractor.swift */; };
		434278A01FC0DB1C0045304C /* CurrencyListRemoteDataManager.swift in Sources */ = {isa = PBXBuildFile; fileRef = 4342789F1FC0DB1C0045304C /* CurrencyListRemoteDataManager.swift */; };
		434278A21FC0DB9E0045304C /* CurrencyListLocalDataManager.swift in Sources */ = {isa = PBXBuildFile; fileRef = 434278A11FC0DB9E0045304C /* CurrencyListLocalDataManager.swift */; };
		434EC1CD1FE5E2650015C3FD /* CurrencyEditBuilder.swift in Sources */ = {isa = PBXBuildFile; fileRef = 434EC1CC1FE5E2650015C3FD /* CurrencyEditBuilder.swift */; };
		434EC1D41FE5EB2B0015C3FD /* CurrencyListCurrencyDisplayDataTests.swift in Sources */ = {isa = PBXBuildFile; fileRef = 434EC1D31FE5EB2B0015C3FD /* CurrencyListCurrencyDisplayDataTests.swift */; };
		434F6E681FC915D600AD6FBF /* CurrencyEditDataSource.swift in Sources */ = {isa = PBXBuildFile; fileRef = 434F6E671FC915D600AD6FBF /* CurrencyEditDataSource.swift */; };
		434F6E701FC91B6800AD6FBF /* CurrencyEditDataSourceTests.swift in Sources */ = {isa = PBXBuildFile; fileRef = 434F6E6F1FC91B6800AD6FBF /* CurrencyEditDataSourceTests.swift */; };
		436CDA4B1FC5EEBC000312F6 /* CurrencyListLocalDataManagerTests.swift in Sources */ = {isa = PBXBuildFile; fileRef = 436CDA4A1FC5EEBC000312F6 /* CurrencyListLocalDataManagerTests.swift */; };
		436CDA5B1FC61441000312F6 /* BootstrapRouter.swift in Sources */ = {isa = PBXBuildFile; fileRef = 436CDA5A1FC61441000312F6 /* BootstrapRouter.swift */; };
		436CDA5E1FC6237A000312F6 /* BootstrapPresenter.swift in Sources */ = {isa = PBXBuildFile; fileRef = 436CDA5D1FC6237A000312F6 /* BootstrapPresenter.swift */; };
		436CDA601FC6262E000312F6 /* BootstrapInteractor.swift in Sources */ = {isa = PBXBuildFile; fileRef = 436CDA5F1FC6262E000312F6 /* BootstrapInteractor.swift */; };
		43861A161FC6319D0059DE92 /* BootstrapLocalDataManager.swift in Sources */ = {isa = PBXBuildFile; fileRef = 43861A151FC6319D0059DE92 /* BootstrapLocalDataManager.swift */; };
		43861A221FC72F000059DE92 /* BootstrapRouterTests.swift in Sources */ = {isa = PBXBuildFile; fileRef = 43861A211FC72F000059DE92 /* BootstrapRouterTests.swift */; };
		43861A251FC731540059DE92 /* BootstrapPresenterTests.swift in Sources */ = {isa = PBXBuildFile; fileRef = 43861A241FC731540059DE92 /* BootstrapPresenterTests.swift */; };
		43861A281FC73A080059DE92 /* BootstrapInteractorTests.swift in Sources */ = {isa = PBXBuildFile; fileRef = 43861A271FC73A080059DE92 /* BootstrapInteractorTests.swift */; };
		43861A2C1FC75F060059DE92 /* BootstrapLocalDataManagerTests.swift in Sources */ = {isa = PBXBuildFile; fileRef = 43861A2B1FC75F060059DE92 /* BootstrapLocalDataManagerTests.swift */; };
		43861A2F1FC763090059DE92 /* CurrencyListRouterTests.swift in Sources */ = {isa = PBXBuildFile; fileRef = 43861A2E1FC763090059DE92 /* CurrencyListRouterTests.swift */; };
		43861A331FC76A460059DE92 /* String+Extensions.swift in Sources */ = {isa = PBXBuildFile; fileRef = 43861A321FC76A460059DE92 /* String+Extensions.swift */; };
		43861A471FC8C1590059DE92 /* Edit.storyboard in Resources */ = {isa = PBXBuildFile; fileRef = 43861A461FC8C1590059DE92 /* Edit.storyboard */; };
		43861A491FC8C1840059DE92 /* CurrencyEditRouter.swift in Sources */ = {isa = PBXBuildFile; fileRef = 43861A481FC8C1840059DE92 /* CurrencyEditRouter.swift */; };
		43861A4B1FC8C24F0059DE92 /* CurrencyEditViewController.swift in Sources */ = {isa = PBXBuildFile; fileRef = 43861A4A1FC8C24F0059DE92 /* CurrencyEditViewController.swift */; };
		43861A4F1FC8C2D20059DE92 /* CurrencyEditBuilderTests.swift in Sources */ = {isa = PBXBuildFile; fileRef = 43861A4E1FC8C2D20059DE92 /* CurrencyEditBuilderTests.swift */; };
		43861A511FC8C5CF0059DE92 /* CurrencyEditPresenter.swift in Sources */ = {isa = PBXBuildFile; fileRef = 43861A501FC8C5CF0059DE92 /* CurrencyEditPresenter.swift */; };
		43861A531FC8C6C70059DE92 /* CurrencyEditInteractor.swift in Sources */ = {isa = PBXBuildFile; fileRef = 43861A521FC8C6C70059DE92 /* CurrencyEditInteractor.swift */; };
		43861A571FC8C75B0059DE92 /* CurrencyEditLocalDataManager.swift in Sources */ = {isa = PBXBuildFile; fileRef = 43861A561FC8C75B0059DE92 /* CurrencyEditLocalDataManager.swift */; };
		43861A591FC8CB780059DE92 /* CurrencyEditPresenterTests.swift in Sources */ = {isa = PBXBuildFile; fileRef = 43861A581FC8CB780059DE92 /* CurrencyEditPresenterTests.swift */; };
		43861A5C1FC8CBDD0059DE92 /* CurrencyEditViewControllerTests.swift in Sources */ = {isa = PBXBuildFile; fileRef = 43861A5B1FC8CBDD0059DE92 /* CurrencyEditViewControllerTests.swift */; };
		438F7A4E1FE5B79B007E3B19 /* Domain.framework in Frameworks */ = {isa = PBXBuildFile; fileRef = 438F7A511FE5B79B007E3B19 /* Domain.framework */; };
		438F7A4F1FE5B79B007E3B19 /* LocalService.framework in Frameworks */ = {isa = PBXBuildFile; fileRef = 438F7A521FE5B79B007E3B19 /* LocalService.framework */; };
		438F7A501FE5B79B007E3B19 /* RemoteService.framework in Frameworks */ = {isa = PBXBuildFile; fileRef = 438F7A531FE5B79B007E3B19 /* RemoteService.framework */; };
		438F7A591FE5B98B007E3B19 /* CurrencyListBuilder.swift in Sources */ = {isa = PBXBuildFile; fileRef = 438F7A581FE5B98B007E3B19 /* CurrencyListBuilder.swift */; };
		438F7A5B1FE5BEE3007E3B19 /* CurrencyListBuilderTests.swift in Sources */ = {isa = PBXBuildFile; fileRef = 438F7A5A1FE5BEE3007E3B19 /* CurrencyListBuilderTests.swift */; };
		438F7A5F1FE5D0DA007E3B19 /* BootstrapBuilder.swift in Sources */ = {isa = PBXBuildFile; fileRef = 438F7A5E1FE5D0DA007E3B19 /* BootstrapBuilder.swift */; };
		438F7A611FE5D1F4007E3B19 /* BootstrapBuilderTests.swift in Sources */ = {isa = PBXBuildFile; fileRef = 438F7A601FE5D1F4007E3B19 /* BootstrapBuilderTests.swift */; };
		43BE67A91FE8AE5100FE94A0 /* Bootstrap.storyboard in Resources */ = {isa = PBXBuildFile; fileRef = 43BE67A81FE8AE5100FE94A0 /* Bootstrap.storyboard */; };
		43BE67AB1FE8AEAD00FE94A0 /* LoadingViewController.swift in Sources */ = {isa = PBXBuildFile; fileRef = 43BE67AA1FE8AEAD00FE94A0 /* LoadingViewController.swift */; };
		43DC3D671FBD46F0009073AA /* AppDelegate.swift in Sources */ = {isa = PBXBuildFile; fileRef = 43DC3D661FBD46F0009073AA /* AppDelegate.swift */; };
		43DC3D6C1FBD46F0009073AA /* List.storyboard in Resources */ = {isa = PBXBuildFile; fileRef = 43DC3D6A1FBD46F0009073AA /* List.storyboard */; };
		43DC3D6E1FBD46F0009073AA /* Assets.xcassets in Resources */ = {isa = PBXBuildFile; fileRef = 43DC3D6D1FBD46F0009073AA /* Assets.xcassets */; };
		43DC3D711FBD46F0009073AA /* LaunchScreen.storyboard in Resources */ = {isa = PBXBuildFile; fileRef = 43DC3D6F1FBD46F0009073AA /* LaunchScreen.storyboard */; };
		43E37F061FC4806A006541F6 /* CurrencyListRemoteDataManagerTests.swift in Sources */ = {isa = PBXBuildFile; fileRef = 43E37F051FC4806A006541F6 /* CurrencyListRemoteDataManagerTests.swift */; };
		43E37F0A1FC48881006541F6 /* CurrencyListInteractorTests.swift in Sources */ = {isa = PBXBuildFile; fileRef = 43E37F091FC48881006541F6 /* CurrencyListInteractorTests.swift */; };
		43E37F0D1FC49258006541F6 /* CurrencyListPresenterTests.swift in Sources */ = {isa = PBXBuildFile; fileRef = 43E37F0C1FC49258006541F6 /* CurrencyListPresenterTests.swift */; };
		43E37F101FC4942E006541F6 /* CurrencyListViewControllerTests.swift in Sources */ = {isa = PBXBuildFile; fileRef = 43E37F0F1FC4942E006541F6 /* CurrencyListViewControllerTests.swift */; };
		43E37F1B1FC4A142006541F6 /* CurrencyListDataSource.swift in Sources */ = {isa = PBXBuildFile; fileRef = 43E37F1A1FC4A142006541F6 /* CurrencyListDataSource.swift */; };
		CAAC452A25F2DCF6104A0D3E /* Pods_WatchlistViperTests.framework in Frameworks */ = {isa = PBXBuildFile; fileRef = B05A84C6E27BE1BC20BF9AAB /* Pods_WatchlistViperTests.framework */; };
		E104EB02A70B62F8CB78D235 /* Pods_WatchlistViper.framework in Frameworks */ = {isa = PBXBuildFile; fileRef = ED5A0D2202C6E93D01C36629 /* Pods_WatchlistViper.framework */; };
/* End PBXBuildFile section */

/* Begin PBXContainerItemProxy section */
		43DC3D781FBD46F0009073AA /* PBXContainerItemProxy */ = {
			isa = PBXContainerItemProxy;
			containerPortal = 43DC3D5B1FBD46F0009073AA /* Project object */;
			proxyType = 1;
			remoteGlobalIDString = 43DC3D621FBD46F0009073AA;
			remoteInfo = WatchlistViper;
		};
/* End PBXContainerItemProxy section */

/* Begin PBXFileReference section */
		4318DF391FC50A84001E5EFD /* CurrencyListDataSourceTests.swift */ = {isa = PBXFileReference; lastKnownFileType = sourcecode.swift; path = CurrencyListDataSourceTests.swift; sourceTree = "<group>"; };
		431BD9F61FC8D5960019FD2C /* CurrencyEditInteractorTests.swift */ = {isa = PBXFileReference; lastKnownFileType = sourcecode.swift; path = CurrencyEditInteractorTests.swift; sourceTree = "<group>"; };
		431BD9FA1FC8D6C30019FD2C /* CurrencyEditLocalDataManagerTests.swift */ = {isa = PBXFileReference; lastKnownFileType = sourcecode.swift; path = CurrencyEditLocalDataManagerTests.swift; sourceTree = "<group>"; };
		4335433D1FE6ECC500362E48 /* FoundationComponents.framework */ = {isa = PBXFileReference; explicitFileType = wrapper.framework; path = FoundationComponents.framework; sourceTree = BUILT_PRODUCTS_DIR; };
		434278641FC09A380045304C /* UIStoryboard+Extensions.swift */ = {isa = PBXFileReference; lastKnownFileType = sourcecode.swift; path = "UIStoryboard+Extensions.swift"; sourceTree = "<group>"; };
		434278661FC09A8B0045304C /* Bundle+Extensions.swift */ = {isa = PBXFileReference; lastKnownFileType = sourcecode.swift; path = "Bundle+Extensions.swift"; sourceTree = "<group>"; };
		434278681FC09CA70045304C /* CurrencyListRouter.swift */ = {isa = PBXFileReference; lastKnownFileType = sourcecode.swift; path = CurrencyListRouter.swift; sourceTree = "<group>"; };
		4342786A1FC09D1E0045304C /* AppDelegateTests.swift */ = {isa = PBXFileReference; lastKnownFileType = sourcecode.swift; path = AppDelegateTests.swift; sourceTree = "<group>"; };
		4342786C1FC09F180045304C /* CurrencyListViewController.swift */ = {isa = PBXFileReference; lastKnownFileType = sourcecode.swift; path = CurrencyListViewController.swift; sourceTree = "<group>"; };
		434278981FC0D5E60045304C /* CurrencyListPresenter.swift */ = {isa = PBXFileReference; lastKnownFileType = sourcecode.swift; path = CurrencyListPresenter.swift; sourceTree = "<group>"; };
		4342789B1FC0D7350045304C /* CurrencyListInteractor.swift */ = {isa = PBXFileReference; lastKnownFileType = sourcecode.swift; path = CurrencyListInteractor.swift; sourceTree = "<group>"; };
		4342789F1FC0DB1C0045304C /* CurrencyListRemoteDataManager.swift */ = {isa = PBXFileReference; lastKnownFileType = sourcecode.swift; path = CurrencyListRemoteDataManager.swift; sourceTree = "<group>"; };
		434278A11FC0DB9E0045304C /* CurrencyListLocalDataManager.swift */ = {isa = PBXFileReference; lastKnownFileType = sourcecode.swift; path = CurrencyListLocalDataManager.swift; sourceTree = "<group>"; };
		434EC1CC1FE5E2650015C3FD /* CurrencyEditBuilder.swift */ = {isa = PBXFileReference; lastKnownFileType = sourcecode.swift; path = CurrencyEditBuilder.swift; sourceTree = "<group>"; };
		434EC1D31FE5EB2B0015C3FD /* CurrencyListCurrencyDisplayDataTests.swift */ = {isa = PBXFileReference; lastKnownFileType = sourcecode.swift; path = CurrencyListCurrencyDisplayDataTests.swift; sourceTree = "<group>"; };
		434F6E671FC915D600AD6FBF /* CurrencyEditDataSource.swift */ = {isa = PBXFileReference; lastKnownFileType = sourcecode.swift; path = CurrencyEditDataSource.swift; sourceTree = "<group>"; };
		434F6E6F1FC91B6800AD6FBF /* CurrencyEditDataSourceTests.swift */ = {isa = PBXFileReference; lastKnownFileType = sourcecode.swift; path = CurrencyEditDataSourceTests.swift; sourceTree = "<group>"; };
		436CDA4A1FC5EEBC000312F6 /* CurrencyListLocalDataManagerTests.swift */ = {isa = PBXFileReference; lastKnownFileType = sourcecode.swift; path = CurrencyListLocalDataManagerTests.swift; sourceTree = "<group>"; };
		436CDA5A1FC61441000312F6 /* BootstrapRouter.swift */ = {isa = PBXFileReference; lastKnownFileType = sourcecode.swift; path = BootstrapRouter.swift; sourceTree = "<group>"; };
		436CDA5D1FC6237A000312F6 /* BootstrapPresenter.swift */ = {isa = PBXFileReference; lastKnownFileType = sourcecode.swift; path = BootstrapPresenter.swift; sourceTree = "<group>"; };
		436CDA5F1FC6262E000312F6 /* BootstrapInteractor.swift */ = {isa = PBXFileReference; lastKnownFileType = sourcecode.swift; path = BootstrapInteractor.swift; sourceTree = "<group>"; };
		43861A151FC6319D0059DE92 /* BootstrapLocalDataManager.swift */ = {isa = PBXFileReference; lastKnownFileType = sourcecode.swift; path = BootstrapLocalDataManager.swift; sourceTree = "<group>"; };
		43861A211FC72F000059DE92 /* BootstrapRouterTests.swift */ = {isa = PBXFileReference; lastKnownFileType = sourcecode.swift; path = BootstrapRouterTests.swift; sourceTree = "<group>"; };
		43861A241FC731540059DE92 /* BootstrapPresenterTests.swift */ = {isa = PBXFileReference; lastKnownFileType = sourcecode.swift; path = BootstrapPresenterTests.swift; sourceTree = "<group>"; };
		43861A271FC73A080059DE92 /* BootstrapInteractorTests.swift */ = {isa = PBXFileReference; lastKnownFileType = sourcecode.swift; path = BootstrapInteractorTests.swift; sourceTree = "<group>"; };
		43861A2B1FC75F060059DE92 /* BootstrapLocalDataManagerTests.swift */ = {isa = PBXFileReference; lastKnownFileType = sourcecode.swift; path = BootstrapLocalDataManagerTests.swift; sourceTree = "<group>"; };
		43861A2E1FC763090059DE92 /* CurrencyListRouterTests.swift */ = {isa = PBXFileReference; lastKnownFileType = sourcecode.swift; path = CurrencyListRouterTests.swift; sourceTree = "<group>"; };
		43861A321FC76A460059DE92 /* String+Extensions.swift */ = {isa = PBXFileReference; lastKnownFileType = sourcecode.swift; path = "String+Extensions.swift"; sourceTree = "<group>"; };
		43861A461FC8C1590059DE92 /* Edit.storyboard */ = {isa = PBXFileReference; lastKnownFileType = file.storyboard; path = Edit.storyboard; sourceTree = "<group>"; };
		43861A481FC8C1840059DE92 /* CurrencyEditRouter.swift */ = {isa = PBXFileReference; lastKnownFileType = sourcecode.swift; path = CurrencyEditRouter.swift; sourceTree = "<group>"; };
		43861A4A1FC8C24F0059DE92 /* CurrencyEditViewController.swift */ = {isa = PBXFileReference; lastKnownFileType = sourcecode.swift; path = CurrencyEditViewController.swift; sourceTree = "<group>"; };
		43861A4E1FC8C2D20059DE92 /* CurrencyEditBuilderTests.swift */ = {isa = PBXFileReference; lastKnownFileType = sourcecode.swift; path = CurrencyEditBuilderTests.swift; sourceTree = "<group>"; };
		43861A501FC8C5CF0059DE92 /* CurrencyEditPresenter.swift */ = {isa = PBXFileReference; lastKnownFileType = sourcecode.swift; path = CurrencyEditPresenter.swift; sourceTree = "<group>"; };
		43861A521FC8C6C70059DE92 /* CurrencyEditInteractor.swift */ = {isa = PBXFileReference; lastKnownFileType = sourcecode.swift; path = CurrencyEditInteractor.swift; sourceTree = "<group>"; };
		43861A561FC8C75B0059DE92 /* CurrencyEditLocalDataManager.swift */ = {isa = PBXFileReference; lastKnownFileType = sourcecode.swift; path = CurrencyEditLocalDataManager.swift; sourceTree = "<group>"; };
		43861A581FC8CB780059DE92 /* CurrencyEditPresenterTests.swift */ = {isa = PBXFileReference; lastKnownFileType = sourcecode.swift; path = CurrencyEditPresenterTests.swift; sourceTree = "<group>"; };
		43861A5B1FC8CBDD0059DE92 /* CurrencyEditViewControllerTests.swift */ = {isa = PBXFileReference; lastKnownFileType = sourcecode.swift; path = CurrencyEditViewControllerTests.swift; sourceTree = "<group>"; };
		438F7A511FE5B79B007E3B19 /* Domain.framework */ = {isa = PBXFileReference; explicitFileType = wrapper.framework; path = Domain.framework; sourceTree = BUILT_PRODUCTS_DIR; };
		438F7A521FE5B79B007E3B19 /* LocalService.framework */ = {isa = PBXFileReference; explicitFileType = wrapper.framework; path = LocalService.framework; sourceTree = BUILT_PRODUCTS_DIR; };
		438F7A531FE5B79B007E3B19 /* RemoteService.framework */ = {isa = PBXFileReference; explicitFileType = wrapper.framework; path = RemoteService.framework; sourceTree = BUILT_PRODUCTS_DIR; };
		438F7A581FE5B98B007E3B19 /* CurrencyListBuilder.swift */ = {isa = PBXFileReference; lastKnownFileType = sourcecode.swift; path = CurrencyListBuilder.swift; sourceTree = "<group>"; };
		438F7A5A1FE5BEE3007E3B19 /* CurrencyListBuilderTests.swift */ = {isa = PBXFileReference; lastKnownFileType = sourcecode.swift; path = CurrencyListBuilderTests.swift; sourceTree = "<group>"; };
		438F7A5E1FE5D0DA007E3B19 /* BootstrapBuilder.swift */ = {isa = PBXFileReference; lastKnownFileType = sourcecode.swift; path = BootstrapBuilder.swift; sourceTree = "<group>"; };
		438F7A601FE5D1F4007E3B19 /* BootstrapBuilderTests.swift */ = {isa = PBXFileReference; lastKnownFileType = sourcecode.swift; path = BootstrapBuilderTests.swift; sourceTree = "<group>"; };
		43BE67A81FE8AE5100FE94A0 /* Bootstrap.storyboard */ = {isa = PBXFileReference; lastKnownFileType = file.storyboard; path = Bootstrap.storyboard; sourceTree = "<group>"; };
		43BE67AA1FE8AEAD00FE94A0 /* LoadingViewController.swift */ = {isa = PBXFileReference; lastKnownFileType = sourcecode.swift; path = LoadingViewController.swift; sourceTree = "<group>"; };
		43DC3D631FBD46F0009073AA /* WatchlistViper.app */ = {isa = PBXFileReference; explicitFileType = wrapper.application; includeInIndex = 0; path = WatchlistViper.app; sourceTree = BUILT_PRODUCTS_DIR; };
		43DC3D661FBD46F0009073AA /* AppDelegate.swift */ = {isa = PBXFileReference; lastKnownFileType = sourcecode.swift; path = AppDelegate.swift; sourceTree = "<group>"; };
		43DC3D6B1FBD46F0009073AA /* Base */ = {isa = PBXFileReference; lastKnownFileType = file.storyboard; name = Base; path = Base.lproj/List.storyboard; sourceTree = "<group>"; };
		43DC3D6D1FBD46F0009073AA /* Assets.xcassets */ = {isa = PBXFileReference; lastKnownFileType = folder.assetcatalog; path = Assets.xcassets; sourceTree = "<group>"; };
		43DC3D701FBD46F0009073AA /* Base */ = {isa = PBXFileReference; lastKnownFileType = file.storyboard; name = Base; path = Base.lproj/LaunchScreen.storyboard; sourceTree = "<group>"; };
		43DC3D721FBD46F0009073AA /* Info.plist */ = {isa = PBXFileReference; lastKnownFileType = text.plist.xml; path = Info.plist; sourceTree = "<group>"; };
		43DC3D771FBD46F0009073AA /* WatchlistViperTests.xctest */ = {isa = PBXFileReference; explicitFileType = wrapper.cfbundle; includeInIndex = 0; path = WatchlistViperTests.xctest; sourceTree = BUILT_PRODUCTS_DIR; };
		43DC3D7D1FBD46F0009073AA /* Info.plist */ = {isa = PBXFileReference; lastKnownFileType = text.plist.xml; path = Info.plist; sourceTree = "<group>"; };
		43E37F051FC4806A006541F6 /* CurrencyListRemoteDataManagerTests.swift */ = {isa = PBXFileReference; lastKnownFileType = sourcecode.swift; path = CurrencyListRemoteDataManagerTests.swift; sourceTree = "<group>"; };
		43E37F091FC48881006541F6 /* CurrencyListInteractorTests.swift */ = {isa = PBXFileReference; lastKnownFileType = sourcecode.swift; path = CurrencyListInteractorTests.swift; sourceTree = "<group>"; };
		43E37F0C1FC49258006541F6 /* CurrencyListPresenterTests.swift */ = {isa = PBXFileReference; lastKnownFileType = sourcecode.swift; path = CurrencyListPresenterTests.swift; sourceTree = "<group>"; };
		43E37F0F1FC4942E006541F6 /* CurrencyListViewControllerTests.swift */ = {isa = PBXFileReference; lastKnownFileType = sourcecode.swift; path = CurrencyListViewControllerTests.swift; sourceTree = "<group>"; };
		43E37F1A1FC4A142006541F6 /* CurrencyListDataSource.swift */ = {isa = PBXFileReference; lastKnownFileType = sourcecode.swift; path = CurrencyListDataSource.swift; sourceTree = "<group>"; };
		8EF5C50737108663962E9B76 /* Pods-WatchlistViperTests.release.xcconfig */ = {isa = PBXFileReference; includeInIndex = 1; lastKnownFileType = text.xcconfig; name = "Pods-WatchlistViperTests.release.xcconfig"; path = "../Pods/Target Support Files/Pods-WatchlistViperTests/Pods-WatchlistViperTests.release.xcconfig"; sourceTree = "<group>"; };
		A9E2551DC8BF1AD7542EFE1E /* Pods-WatchlistViper.debug.xcconfig */ = {isa = PBXFileReference; includeInIndex = 1; lastKnownFileType = text.xcconfig; name = "Pods-WatchlistViper.debug.xcconfig"; path = "../Pods/Target Support Files/Pods-WatchlistViper/Pods-WatchlistViper.debug.xcconfig"; sourceTree = "<group>"; };
		B05A84C6E27BE1BC20BF9AAB /* Pods_WatchlistViperTests.framework */ = {isa = PBXFileReference; explicitFileType = wrapper.framework; includeInIndex = 0; path = Pods_WatchlistViperTests.framework; sourceTree = BUILT_PRODUCTS_DIR; };
		C538E2D7D215AEDFB3B4851C /* Pods-WatchlistViperTests.debug.xcconfig */ = {isa = PBXFileReference; includeInIndex = 1; lastKnownFileType = text.xcconfig; name = "Pods-WatchlistViperTests.debug.xcconfig"; path = "../Pods/Target Support Files/Pods-WatchlistViperTests/Pods-WatchlistViperTests.debug.xcconfig"; sourceTree = "<group>"; };
		D61DAFDA5ECE7F5F2415BCF7 /* Pods-WatchlistViper.release.xcconfig */ = {isa = PBXFileReference; includeInIndex = 1; lastKnownFileType = text.xcconfig; name = "Pods-WatchlistViper.release.xcconfig"; path = "../Pods/Target Support Files/Pods-WatchlistViper/Pods-WatchlistViper.release.xcconfig"; sourceTree = "<group>"; };
		ED5A0D2202C6E93D01C36629 /* Pods_WatchlistViper.framework */ = {isa = PBXFileReference; explicitFileType = wrapper.framework; includeInIndex = 0; path = Pods_WatchlistViper.framework; sourceTree = BUILT_PRODUCTS_DIR; };
/* End PBXFileReference section */

/* Begin PBXFrameworksBuildPhase section */
		43DC3D601FBD46F0009073AA /* Frameworks */ = {
			isa = PBXFrameworksBuildPhase;
			buildActionMask = 2147483647;
			files = (
				4335433C1FE6ECC500362E48 /* FoundationComponents.framework in Frameworks */,
				438F7A4E1FE5B79B007E3B19 /* Domain.framework in Frameworks */,
				438F7A4F1FE5B79B007E3B19 /* LocalService.framework in Frameworks */,
				438F7A501FE5B79B007E3B19 /* RemoteService.framework in Frameworks */,
				E104EB02A70B62F8CB78D235 /* Pods_WatchlistViper.framework in Frameworks */,
			);
			runOnlyForDeploymentPostprocessing = 0;
		};
		43DC3D741FBD46F0009073AA /* Frameworks */ = {
			isa = PBXFrameworksBuildPhase;
			buildActionMask = 2147483647;
			files = (
				CAAC452A25F2DCF6104A0D3E /* Pods_WatchlistViperTests.framework in Frameworks */,
			);
			runOnlyForDeploymentPostprocessing = 0;
		};
/* End PBXFrameworksBuildPhase section */

/* Begin PBXGroup section */
		3AD73A4223E9487027EB2E01 /* Pods */ = {
			isa = PBXGroup;
			children = (
				A9E2551DC8BF1AD7542EFE1E /* Pods-WatchlistViper.debug.xcconfig */,
				D61DAFDA5ECE7F5F2415BCF7 /* Pods-WatchlistViper.release.xcconfig */,
				C538E2D7D215AEDFB3B4851C /* Pods-WatchlistViperTests.debug.xcconfig */,
				8EF5C50737108663962E9B76 /* Pods-WatchlistViperTests.release.xcconfig */,
			);
			name = Pods;
			sourceTree = "<group>";
		};
		4318DF381FC50A77001E5EFD /* Data Sources */ = {
			isa = PBXGroup;
			children = (
				4318DF391FC50A84001E5EFD /* CurrencyListDataSourceTests.swift */,
			);
			path = "Data Sources";
			sourceTree = "<group>";
		};
		431BD9F81FC8D6AE0019FD2C /* Data Managers */ = {
			isa = PBXGroup;
			children = (
				431BD9F91FC8D6B70019FD2C /* Local */,
			);
			path = "Data Managers";
			sourceTree = "<group>";
		};
		431BD9F91FC8D6B70019FD2C /* Local */ = {
			isa = PBXGroup;
			children = (
				431BD9FA1FC8D6C30019FD2C /* CurrencyEditLocalDataManagerTests.swift */,
			);
			path = Local;
			sourceTree = "<group>";
		};
		4342784A1FC0963B0045304C /* Views */ = {
			isa = PBXGroup;
			children = (
				4342786C1FC09F180045304C /* CurrencyListViewController.swift */,
				43DC3D6A1FBD46F0009073AA /* List.storyboard */,
			);
			path = Views;
			sourceTree = "<group>";
		};
		4342784E1FC096690045304C /* Data Managers */ = {
			isa = PBXGroup;
			children = (
				4342789D1FC0DA380045304C /* Local */,
				4342789E1FC0DA400045304C /* Remote */,
			);
			path = "Data Managers";
			sourceTree = "<group>";
		};
		4342784F1FC0968B0045304C /* CurrencyList */ = {
			isa = PBXGroup;
			children = (
				43861A351FC76C810059DE92 /* Components */,
				4342784E1FC096690045304C /* Data Managers */,
				43E37F191FC4A133006541F6 /* Data Sources */,
				4342784A1FC0963B0045304C /* Views */,
			);
			path = CurrencyList;
			sourceTree = "<group>";
		};
		4342785C1FC097900045304C /* Modules */ = {
			isa = PBXGroup;
			children = (
				436CDA4E1FC60FC7000312F6 /* Bootstrap */,
				4342785D1FC097E40045304C /* CurrencyEdit */,
				4342784F1FC0968B0045304C /* CurrencyList */,
			);
			path = Modules;
			sourceTree = "<group>";
		};
		4342785D1FC097E40045304C /* CurrencyEdit */ = {
			isa = PBXGroup;
			children = (
				43861A371FC76D350059DE92 /* Components */,
				43861A541FC8C7450059DE92 /* Data Managers */,
				434F6E661FC915BC00AD6FBF /* Data Sources */,
				434278621FC098170045304C /* Views */,
			);
			path = CurrencyEdit;
			sourceTree = "<group>";
		};
		434278621FC098170045304C /* Views */ = {
			isa = PBXGroup;
			children = (
				43861A461FC8C1590059DE92 /* Edit.storyboard */,
				43861A4A1FC8C24F0059DE92 /* CurrencyEditViewController.swift */,
			);
			path = Views;
			sourceTree = "<group>";
		};
		434278631FC09A1C0045304C /* Extensions */ = {
			isa = PBXGroup;
			children = (
				434278661FC09A8B0045304C /* Bundle+Extensions.swift */,
				43861A321FC76A460059DE92 /* String+Extensions.swift */,
				434278641FC09A380045304C /* UIStoryboard+Extensions.swift */,
			);
			path = Extensions;
			sourceTree = "<group>";
		};
		4342789D1FC0DA380045304C /* Local */ = {
			isa = PBXGroup;
			children = (
				434278A11FC0DB9E0045304C /* CurrencyListLocalDataManager.swift */,
			);
			path = Local;
			sourceTree = "<group>";
		};
		4342789E1FC0DA400045304C /* Remote */ = {
			isa = PBXGroup;
			children = (
				4342789F1FC0DB1C0045304C /* CurrencyListRemoteDataManager.swift */,
			);
			path = Remote;
			sourceTree = "<group>";
		};
		434EC1D21FE5EB0A0015C3FD /* Models */ = {
			isa = PBXGroup;
			children = (
				434EC1D31FE5EB2B0015C3FD /* CurrencyListCurrencyDisplayDataTests.swift */,
			);
			path = Models;
			sourceTree = "<group>";
		};
		434F6E661FC915BC00AD6FBF /* Data Sources */ = {
			isa = PBXGroup;
			children = (
				434F6E671FC915D600AD6FBF /* CurrencyEditDataSource.swift */,
			);
			path = "Data Sources";
			sourceTree = "<group>";
		};
		434F6E6E1FC91B5D00AD6FBF /* Data Sources */ = {
			isa = PBXGroup;
			children = (
				434F6E6F1FC91B6800AD6FBF /* CurrencyEditDataSourceTests.swift */,
			);
			path = "Data Sources";
			sourceTree = "<group>";
		};
		436CDA491FC5EE24000312F6 /* Local */ = {
			isa = PBXGroup;
			children = (
				436CDA4A1FC5EEBC000312F6 /* CurrencyListLocalDataManagerTests.swift */,
			);
			path = Local;
			sourceTree = "<group>";
		};
		436CDA4E1FC60FC7000312F6 /* Bootstrap */ = {
			isa = PBXGroup;
			children = (
				43861A341FC76C5B0059DE92 /* Components */,
				436CDA561FC612CC000312F6 /* Data Managers */,
				43BE67A71FE8AE3000FE94A0 /* Views */,
			);
			path = Bootstrap;
			sourceTree = "<group>";
		};
		436CDA561FC612CC000312F6 /* Data Managers */ = {
			isa = PBXGroup;
			children = (
				436CDA571FC612D2000312F6 /* Local */,
			);
			path = "Data Managers";
			sourceTree = "<group>";
		};
		436CDA571FC612D2000312F6 /* Local */ = {
			isa = PBXGroup;
			children = (
				43861A151FC6319D0059DE92 /* BootstrapLocalDataManager.swift */,
			);
			path = Local;
			sourceTree = "<group>";
		};
		43861A1F1FC72E7A0059DE92 /* Bootstrap */ = {
			isa = PBXGroup;
			children = (
				43861A3A1FC88E160059DE92 /* Components */,
				43861A291FC75EEC0059DE92 /* Data Manager */,
				43BE67AC1FE8B17200FE94A0 /* Views */,
			);
			path = Bootstrap;
			sourceTree = "<group>";
		};
		43861A291FC75EEC0059DE92 /* Data Manager */ = {
			isa = PBXGroup;
			children = (
				43861A2A1FC75EF60059DE92 /* Local */,
			);
			path = "Data Manager";
			sourceTree = "<group>";
		};
		43861A2A1FC75EF60059DE92 /* Local */ = {
			isa = PBXGroup;
			children = (
				43861A2B1FC75F060059DE92 /* BootstrapLocalDataManagerTests.swift */,
			);
			path = Local;
			sourceTree = "<group>";
		};
		43861A341FC76C5B0059DE92 /* Components */ = {
			isa = PBXGroup;
			children = (
				436CDA5F1FC6262E000312F6 /* BootstrapInteractor.swift */,
				436CDA5D1FC6237A000312F6 /* BootstrapPresenter.swift */,
				436CDA5A1FC61441000312F6 /* BootstrapRouter.swift */,
				438F7A5E1FE5D0DA007E3B19 /* BootstrapBuilder.swift */,
			);
			path = Components;
			sourceTree = "<group>";
		};
		43861A351FC76C810059DE92 /* Components */ = {
			isa = PBXGroup;
			children = (
				438F7A581FE5B98B007E3B19 /* CurrencyListBuilder.swift */,
				4342789B1FC0D7350045304C /* CurrencyListInteractor.swift */,
				434278981FC0D5E60045304C /* CurrencyListPresenter.swift */,
				434278681FC09CA70045304C /* CurrencyListRouter.swift */,
			);
			path = Components;
			sourceTree = "<group>";
		};
		43861A371FC76D350059DE92 /* Components */ = {
			isa = PBXGroup;
			children = (
				434EC1CC1FE5E2650015C3FD /* CurrencyEditBuilder.swift */,
				43861A521FC8C6C70059DE92 /* CurrencyEditInteractor.swift */,
				43861A501FC8C5CF0059DE92 /* CurrencyEditPresenter.swift */,
				43861A481FC8C1840059DE92 /* CurrencyEditRouter.swift */,
			);
			path = Components;
			sourceTree = "<group>";
		};
		43861A391FC88E080059DE92 /* Components */ = {
			isa = PBXGroup;
			children = (
				43E37F091FC48881006541F6 /* CurrencyListInteractorTests.swift */,
				43E37F0C1FC49258006541F6 /* CurrencyListPresenterTests.swift */,
				43861A2E1FC763090059DE92 /* CurrencyListRouterTests.swift */,
				438F7A5A1FE5BEE3007E3B19 /* CurrencyListBuilderTests.swift */,
			);
			path = Components;
			sourceTree = "<group>";
		};
		43861A3A1FC88E160059DE92 /* Components */ = {
			isa = PBXGroup;
			children = (
				438F7A601FE5D1F4007E3B19 /* BootstrapBuilderTests.swift */,
				43861A271FC73A080059DE92 /* BootstrapInteractorTests.swift */,
				43861A241FC731540059DE92 /* BootstrapPresenterTests.swift */,
				43861A211FC72F000059DE92 /* BootstrapRouterTests.swift */,
			);
			path = Components;
			sourceTree = "<group>";
		};
		43861A4C1FC8C2C10059DE92 /* CurrencyEdit */ = {
			isa = PBXGroup;
			children = (
				43861A4D1FC8C2C60059DE92 /* Components */,
				431BD9F81FC8D6AE0019FD2C /* Data Managers */,
				434F6E6E1FC91B5D00AD6FBF /* Data Sources */,
				43861A5A1FC8CBD00059DE92 /* Views */,
			);
			path = CurrencyEdit;
			sourceTree = "<group>";
		};
		43861A4D1FC8C2C60059DE92 /* Components */ = {
			isa = PBXGroup;
			children = (
				43861A4E1FC8C2D20059DE92 /* CurrencyEditBuilderTests.swift */,
				431BD9F61FC8D5960019FD2C /* CurrencyEditInteractorTests.swift */,
				43861A581FC8CB780059DE92 /* CurrencyEditPresenterTests.swift */,
			);
			path = Components;
			sourceTree = "<group>";
		};
		43861A541FC8C7450059DE92 /* Data Managers */ = {
			isa = PBXGroup;
			children = (
				43861A551FC8C74A0059DE92 /* Local */,
			);
			path = "Data Managers";
			sourceTree = "<group>";
		};
		43861A551FC8C74A0059DE92 /* Local */ = {
			isa = PBXGroup;
			children = (
				43861A561FC8C75B0059DE92 /* CurrencyEditLocalDataManager.swift */,
			);
			path = Local;
			sourceTree = "<group>";
		};
		43861A5A1FC8CBD00059DE92 /* Views */ = {
			isa = PBXGroup;
			children = (
				43861A5B1FC8CBDD0059DE92 /* CurrencyEditViewControllerTests.swift */,
			);
			path = Views;
			sourceTree = "<group>";
		};
		43BE67A71FE8AE3000FE94A0 /* Views */ = {
			isa = PBXGroup;
			children = (
				43BE67A81FE8AE5100FE94A0 /* Bootstrap.storyboard */,
				43DC3D661FBD46F0009073AA /* AppDelegate.swift */,
				43BE67AA1FE8AEAD00FE94A0 /* LoadingViewController.swift */,
			);
			path = Views;
			sourceTree = "<group>";
		};
		43BE67AC1FE8B17200FE94A0 /* Views */ = {
			isa = PBXGroup;
			children = (
				4342786A1FC09D1E0045304C /* AppDelegateTests.swift */,
			);
			path = Views;
			sourceTree = "<group>";
		};
		43DC3D5A1FBD46F0009073AA = {
			isa = PBXGroup;
			children = (
				43DC3D941FBD47E5009073AA /* Frameworks */,
				3AD73A4223E9487027EB2E01 /* Pods */,
				43DC3D641FBD46F0009073AA /* Products */,
				43DC3D651FBD46F0009073AA /* WatchlistViper */,
				43DC3D7A1FBD46F0009073AA /* WatchlistViperTests */,
			);
			sourceTree = "<group>";
		};
		43DC3D641FBD46F0009073AA /* Products */ = {
			isa = PBXGroup;
			children = (
				43DC3D631FBD46F0009073AA /* WatchlistViper.app */,
				43DC3D771FBD46F0009073AA /* WatchlistViperTests.xctest */,
			);
			name = Products;
			sourceTree = "<group>";
		};
		43DC3D651FBD46F0009073AA /* WatchlistViper */ = {
			isa = PBXGroup;
			children = (
				43DC3D721FBD46F0009073AA /* Info.plist */,
				434278631FC09A1C0045304C /* Extensions */,
				4342785C1FC097900045304C /* Modules */,
				43DC3D8F1FBD46FF009073AA /* Resources */,
			);
			path = WatchlistViper;
			sourceTree = "<group>";
		};
		43DC3D7A1FBD46F0009073AA /* WatchlistViperTests */ = {
			isa = PBXGroup;
			children = (
				43DC3D7D1FBD46F0009073AA /* Info.plist */,
				43E37F011FC48015006541F6 /* Modules */,
			);
			path = WatchlistViperTests;
			sourceTree = "<group>";
		};
		43DC3D8F1FBD46FF009073AA /* Resources */ = {
			isa = PBXGroup;
			children = (
				43DC3D6D1FBD46F0009073AA /* Assets.xcassets */,
				43DC3D6F1FBD46F0009073AA /* LaunchScreen.storyboard */,
			);
			name = Resources;
			sourceTree = "<group>";
		};
		43DC3D941FBD47E5009073AA /* Frameworks */ = {
			isa = PBXGroup;
			children = (
				4335433D1FE6ECC500362E48 /* FoundationComponents.framework */,
				438F7A511FE5B79B007E3B19 /* Domain.framework */,
				438F7A521FE5B79B007E3B19 /* LocalService.framework */,
				438F7A531FE5B79B007E3B19 /* RemoteService.framework */,
				ED5A0D2202C6E93D01C36629 /* Pods_WatchlistViper.framework */,
				B05A84C6E27BE1BC20BF9AAB /* Pods_WatchlistViperTests.framework */,
			);
			name = Frameworks;
			sourceTree = "<group>";
		};
		43E37F011FC48015006541F6 /* Modules */ = {
			isa = PBXGroup;
			children = (
				43861A1F1FC72E7A0059DE92 /* Bootstrap */,
				43861A4C1FC8C2C10059DE92 /* CurrencyEdit */,
				43E37F021FC48022006541F6 /* CurrencyList */,
			);
			path = Modules;
			sourceTree = "<group>";
		};
		43E37F021FC48022006541F6 /* CurrencyList */ = {
			isa = PBXGroup;
			children = (
				43861A391FC88E080059DE92 /* Components */,
				43E37F031FC48042006541F6 /* Data Managers */,
				4318DF381FC50A77001E5EFD /* Data Sources */,
				434EC1D21FE5EB0A0015C3FD /* Models */,
				43E37F0E1FC49408006541F6 /* Views */,
			);
			path = CurrencyList;
			sourceTree = "<group>";
		};
		43E37F031FC48042006541F6 /* Data Managers */ = {
			isa = PBXGroup;
			children = (
				436CDA491FC5EE24000312F6 /* Local */,
				43E37F041FC4804E006541F6 /* Remote */,
			);
			path = "Data Managers";
			sourceTree = "<group>";
		};
		43E37F041FC4804E006541F6 /* Remote */ = {
			isa = PBXGroup;
			children = (
				43E37F051FC4806A006541F6 /* CurrencyListRemoteDataManagerTests.swift */,
			);
			path = Remote;
			sourceTree = "<group>";
		};
		43E37F0E1FC49408006541F6 /* Views */ = {
			isa = PBXGroup;
			children = (
				43E37F0F1FC4942E006541F6 /* CurrencyListViewControllerTests.swift */,
			);
			path = Views;
			sourceTree = "<group>";
		};
		43E37F191FC4A133006541F6 /* Data Sources */ = {
			isa = PBXGroup;
			children = (
				43E37F1A1FC4A142006541F6 /* CurrencyListDataSource.swift */,
			);
			path = "Data Sources";
			sourceTree = "<group>";
		};
/* End PBXGroup section */

/* Begin PBXNativeTarget section */
		43DC3D621FBD46F0009073AA /* WatchlistViper */ = {
			isa = PBXNativeTarget;
			buildConfigurationList = 43DC3D801FBD46F0009073AA /* Build configuration list for PBXNativeTarget "WatchlistViper" */;
			buildPhases = (
				772E64696F17A98A6B785C71 /* [CP] Check Pods Manifest.lock */,
				43DC3D5F1FBD46F0009073AA /* Sources */,
				43DC3D601FBD46F0009073AA /* Frameworks */,
				43DC3D611FBD46F0009073AA /* Resources */,
				4335435C1FE6F3E700362E48 /* Run SwiftLint */,
				C54BAA217D051EB6770A6196 /* [CP] Embed Pods Frameworks */,
				6706C4B9BC0CAC504348BD7C /* [CP] Copy Pods Resources */,
			);
			buildRules = (
			);
			dependencies = (
			);
			name = WatchlistViper;
			productName = WatchlistViper;
			productReference = 43DC3D631FBD46F0009073AA /* WatchlistViper.app */;
			productType = "com.apple.product-type.application";
		};
		43DC3D761FBD46F0009073AA /* WatchlistViperTests */ = {
			isa = PBXNativeTarget;
			buildConfigurationList = 43DC3D831FBD46F0009073AA /* Build configuration list for PBXNativeTarget "WatchlistViperTests" */;
			buildPhases = (
				15093AA63559714E3DB95465 /* [CP] Check Pods Manifest.lock */,
				43DC3D731FBD46F0009073AA /* Sources */,
				43DC3D741FBD46F0009073AA /* Frameworks */,
				43DC3D751FBD46F0009073AA /* Resources */,
				755FC69129954362E1A7F599 /* [CP] Embed Pods Frameworks */,
				72C380567F8D068D5BAEED0C /* [CP] Copy Pods Resources */,
			);
			buildRules = (
			);
			dependencies = (
				43DC3D791FBD46F0009073AA /* PBXTargetDependency */,
			);
			name = WatchlistViperTests;
			productName = WatchlistViperTests;
			productReference = 43DC3D771FBD46F0009073AA /* WatchlistViperTests.xctest */;
			productType = "com.apple.product-type.bundle.unit-test";
		};
/* End PBXNativeTarget section */

/* Begin PBXProject section */
		43DC3D5B1FBD46F0009073AA /* Project object */ = {
			isa = PBXProject;
			attributes = {
				LastSwiftUpdateCheck = 0910;
				LastUpgradeCheck = 0910;
				ORGANIZATIONNAME = "Eric Drew";
				TargetAttributes = {
					43DC3D621FBD46F0009073AA = {
						CreatedOnToolsVersion = 9.1;
						ProvisioningStyle = Automatic;
					};
					43DC3D761FBD46F0009073AA = {
						CreatedOnToolsVersion = 9.1;
						LastSwiftMigration = 0910;
						ProvisioningStyle = Automatic;
						TestTargetID = 43DC3D621FBD46F0009073AA;
					};
				};
			};
			buildConfigurationList = 43DC3D5E1FBD46F0009073AA /* Build configuration list for PBXProject "WatchlistViper" */;
			compatibilityVersion = "Xcode 8.0";
			developmentRegion = en;
			hasScannedForEncodings = 0;
			knownRegions = (
				en,
				Base,
			);
			mainGroup = 43DC3D5A1FBD46F0009073AA;
			productRefGroup = 43DC3D641FBD46F0009073AA /* Products */;
			projectDirPath = "";
			projectRoot = "";
			targets = (
				43DC3D621FBD46F0009073AA /* WatchlistViper */,
				43DC3D761FBD46F0009073AA /* WatchlistViperTests */,
			);
		};
/* End PBXProject section */

/* Begin PBXResourcesBuildPhase section */
		43DC3D611FBD46F0009073AA /* Resources */ = {
			isa = PBXResourcesBuildPhase;
			buildActionMask = 2147483647;
			files = (
				43861A471FC8C1590059DE92 /* Edit.storyboard in Resources */,
				43BE67A91FE8AE5100FE94A0 /* Bootstrap.storyboard in Resources */,
				43DC3D711FBD46F0009073AA /* LaunchScreen.storyboard in Resources */,
				43DC3D6E1FBD46F0009073AA /* Assets.xcassets in Resources */,
				43DC3D6C1FBD46F0009073AA /* List.storyboard in Resources */,
			);
			runOnlyForDeploymentPostprocessing = 0;
		};
		43DC3D751FBD46F0009073AA /* Resources */ = {
			isa = PBXResourcesBuildPhase;
			buildActionMask = 2147483647;
			files = (
			);
			runOnlyForDeploymentPostprocessing = 0;
		};
/* End PBXResourcesBuildPhase section */

/* Begin PBXShellScriptBuildPhase section */
		15093AA63559714E3DB95465 /* [CP] Check Pods Manifest.lock */ = {
			isa = PBXShellScriptBuildPhase;
			buildActionMask = 2147483647;
			files = (
			);
			inputPaths = (
				"${PODS_PODFILE_DIR_PATH}/Podfile.lock",
				"${PODS_ROOT}/Manifest.lock",
			);
			name = "[CP] Check Pods Manifest.lock";
			outputPaths = (
				"$(DERIVED_FILE_DIR)/Pods-WatchlistViperTests-checkManifestLockResult.txt",
			);
			runOnlyForDeploymentPostprocessing = 0;
			shellPath = /bin/sh;
			shellScript = "diff \"${PODS_PODFILE_DIR_PATH}/Podfile.lock\" \"${PODS_ROOT}/Manifest.lock\" > /dev/null\nif [ $? != 0 ] ; then\n    # print error to STDERR\n    echo \"error: The sandbox is not in sync with the Podfile.lock. Run 'pod install' or update your CocoaPods installation.\" >&2\n    exit 1\nfi\n# This output is used by Xcode 'outputs' to avoid re-running this script phase.\necho \"SUCCESS\" > \"${SCRIPT_OUTPUT_FILE_0}\"\n";
			showEnvVarsInLog = 0;
		};
		4335435C1FE6F3E700362E48 /* Run SwiftLint */ = {
			isa = PBXShellScriptBuildPhase;
			buildActionMask = 2147483647;
			files = (
			);
			inputPaths = (
			);
			name = "Run SwiftLint";
			outputPaths = (
			);
			runOnlyForDeploymentPostprocessing = 0;
			shellPath = /bin/sh;
			shellScript = "if which swiftlint >/dev/null; then\n    swiftlint\nelse\n    echo \"warning: SwiftLint not installed, download from https://github.com/realm/SwiftLint\"\nfi";
		};
		6706C4B9BC0CAC504348BD7C /* [CP] Copy Pods Resources */ = {
			isa = PBXShellScriptBuildPhase;
			buildActionMask = 2147483647;
			files = (
			);
			inputPaths = (
			);
			name = "[CP] Copy Pods Resources";
			outputPaths = (
			);
			runOnlyForDeploymentPostprocessing = 0;
			shellPath = /bin/sh;
			shellScript = "\"${SRCROOT}/../Pods/Target Support Files/Pods-WatchlistViper/Pods-WatchlistViper-resources.sh\"\n";
			showEnvVarsInLog = 0;
		};
		72C380567F8D068D5BAEED0C /* [CP] Copy Pods Resources */ = {
			isa = PBXShellScriptBuildPhase;
			buildActionMask = 2147483647;
			files = (
			);
			inputPaths = (
			);
			name = "[CP] Copy Pods Resources";
			outputPaths = (
			);
			runOnlyForDeploymentPostprocessing = 0;
			shellPath = /bin/sh;
			shellScript = "\"${SRCROOT}/../Pods/Target Support Files/Pods-WatchlistViperTests/Pods-WatchlistViperTests-resources.sh\"\n";
			showEnvVarsInLog = 0;
		};
		755FC69129954362E1A7F599 /* [CP] Embed Pods Frameworks */ = {
			isa = PBXShellScriptBuildPhase;
			buildActionMask = 2147483647;
			files = (
			);
			inputPaths = (
				"${SRCROOT}/../Pods/Target Support Files/Pods-WatchlistViperTests/Pods-WatchlistViperTests-frameworks.sh",
				"${BUILT_PRODUCTS_DIR}/Nimble/Nimble.framework",
				"${BUILT_PRODUCTS_DIR}/Quick/Quick.framework",
			);
			name = "[CP] Embed Pods Frameworks";
			outputPaths = (
				"${TARGET_BUILD_DIR}/${FRAMEWORKS_FOLDER_PATH}/Nimble.framework",
				"${TARGET_BUILD_DIR}/${FRAMEWORKS_FOLDER_PATH}/Quick.framework",
			);
			runOnlyForDeploymentPostprocessing = 0;
			shellPath = /bin/sh;
			shellScript = "\"${SRCROOT}/../Pods/Target Support Files/Pods-WatchlistViperTests/Pods-WatchlistViperTests-frameworks.sh\"\n";
			showEnvVarsInLog = 0;
		};
		772E64696F17A98A6B785C71 /* [CP] Check Pods Manifest.lock */ = {
			isa = PBXShellScriptBuildPhase;
			buildActionMask = 2147483647;
			files = (
			);
			inputPaths = (
				"${PODS_PODFILE_DIR_PATH}/Podfile.lock",
				"${PODS_ROOT}/Manifest.lock",
			);
			name = "[CP] Check Pods Manifest.lock";
			outputPaths = (
				"$(DERIVED_FILE_DIR)/Pods-WatchlistViper-checkManifestLockResult.txt",
			);
			runOnlyForDeploymentPostprocessing = 0;
			shellPath = /bin/sh;
			shellScript = "diff \"${PODS_PODFILE_DIR_PATH}/Podfile.lock\" \"${PODS_ROOT}/Manifest.lock\" > /dev/null\nif [ $? != 0 ] ; then\n    # print error to STDERR\n    echo \"error: The sandbox is not in sync with the Podfile.lock. Run 'pod install' or update your CocoaPods installation.\" >&2\n    exit 1\nfi\n# This output is used by Xcode 'outputs' to avoid re-running this script phase.\necho \"SUCCESS\" > \"${SCRIPT_OUTPUT_FILE_0}\"\n";
			showEnvVarsInLog = 0;
		};
		C54BAA217D051EB6770A6196 /* [CP] Embed Pods Frameworks */ = {
			isa = PBXShellScriptBuildPhase;
			buildActionMask = 2147483647;
			files = (
			);
			inputPaths = (
				"${SRCROOT}/../Pods/Target Support Files/Pods-WatchlistViper/Pods-WatchlistViper-frameworks.sh",
				"${BUILT_PRODUCTS_DIR}/PromiseKit/PromiseKit.framework",
			);
			name = "[CP] Embed Pods Frameworks";
			outputPaths = (
				"${TARGET_BUILD_DIR}/${FRAMEWORKS_FOLDER_PATH}/PromiseKit.framework",
			);
			runOnlyForDeploymentPostprocessing = 0;
			shellPath = /bin/sh;
			shellScript = "\"${SRCROOT}/../Pods/Target Support Files/Pods-WatchlistViper/Pods-WatchlistViper-frameworks.sh\"\n";
			showEnvVarsInLog = 0;
		};
/* End PBXShellScriptBuildPhase section */

/* Begin PBXSourcesBuildPhase section */
		43DC3D5F1FBD46F0009073AA /* Sources */ = {
			isa = PBXSourcesBuildPhase;
			buildActionMask = 2147483647;
			files = (
				43861A161FC6319D0059DE92 /* BootstrapLocalDataManager.swift in Sources */,
				438F7A591FE5B98B007E3B19 /* CurrencyListBuilder.swift in Sources */,
				436CDA5E1FC6237A000312F6 /* BootstrapPresenter.swift in Sources */,
				43861A511FC8C5CF0059DE92 /* CurrencyEditPresenter.swift in Sources */,
				43861A331FC76A460059DE92 /* String+Extensions.swift in Sources */,
				43861A491FC8C1840059DE92 /* CurrencyEditRouter.swift in Sources */,
				438F7A5F1FE5D0DA007E3B19 /* BootstrapBuilder.swift in Sources */,
				43861A4B1FC8C24F0059DE92 /* CurrencyEditViewController.swift in Sources */,
				4342786D1FC09F180045304C /* CurrencyListViewController.swift in Sources */,
				436CDA5B1FC61441000312F6 /* BootstrapRouter.swift in Sources */,
				434278A01FC0DB1C0045304C /* CurrencyListRemoteDataManager.swift in Sources */,
				434278991FC0D5E60045304C /* CurrencyListPresenter.swift in Sources */,
				4342789C1FC0D7350045304C /* CurrencyListInteractor.swift in Sources */,
				434EC1CD1FE5E2650015C3FD /* CurrencyEditBuilder.swift in Sources */,
				43BE67AB1FE8AEAD00FE94A0 /* LoadingViewController.swift in Sources */,
				43E37F1B1FC4A142006541F6 /* CurrencyListDataSource.swift in Sources */,
				434278671FC09A8B0045304C /* Bundle+Extensions.swift in Sources */,
				43861A571FC8C75B0059DE92 /* CurrencyEditLocalDataManager.swift in Sources */,
				434278651FC09A380045304C /* UIStoryboard+Extensions.swift in Sources */,
				43DC3D671FBD46F0009073AA /* AppDelegate.swift in Sources */,
				434278691FC09CA70045304C /* CurrencyListRouter.swift in Sources */,
				434F6E681FC915D600AD6FBF /* CurrencyEditDataSource.swift in Sources */,
				436CDA601FC6262E000312F6 /* BootstrapInteractor.swift in Sources */,
				434278A21FC0DB9E0045304C /* CurrencyListLocalDataManager.swift in Sources */,
				43861A531FC8C6C70059DE92 /* CurrencyEditInteractor.swift in Sources */,
			);
			runOnlyForDeploymentPostprocessing = 0;
		};
		43DC3D731FBD46F0009073AA /* Sources */ = {
			isa = PBXSourcesBuildPhase;
			buildActionMask = 2147483647;
			files = (
				43E37F061FC4806A006541F6 /* CurrencyListRemoteDataManagerTests.swift in Sources */,
				431BD9F71FC8D5960019FD2C /* CurrencyEditInteractorTests.swift in Sources */,
				43861A2C1FC75F060059DE92 /* BootstrapLocalDataManagerTests.swift in Sources */,
				434F6E701FC91B6800AD6FBF /* CurrencyEditDataSourceTests.swift in Sources */,
				43861A591FC8CB780059DE92 /* CurrencyEditPresenterTests.swift in Sources */,
				43861A4F1FC8C2D20059DE92 /* CurrencyEditBuilderTests.swift in Sources */,
				438F7A611FE5D1F4007E3B19 /* BootstrapBuilderTests.swift in Sources */,
				43E37F101FC4942E006541F6 /* CurrencyListViewControllerTests.swift in Sources */,
				43861A2F1FC763090059DE92 /* CurrencyListRouterTests.swift in Sources */,
				43861A251FC731540059DE92 /* BootstrapPresenterTests.swift in Sources */,
				436CDA4B1FC5EEBC000312F6 /* CurrencyListLocalDataManagerTests.swift in Sources */,
				4342786B1FC09D1E0045304C /* AppDelegateTests.swift in Sources */,
				434EC1D41FE5EB2B0015C3FD /* CurrencyListCurrencyDisplayDataTests.swift in Sources */,
				43861A5C1FC8CBDD0059DE92 /* CurrencyEditViewControllerTests.swift in Sources */,
				431BD9FB1FC8D6C30019FD2C /* CurrencyEditLocalDataManagerTests.swift in Sources */,
				43E37F0D1FC49258006541F6 /* CurrencyListPresenterTests.swift in Sources */,
				43E37F0A1FC48881006541F6 /* CurrencyListInteractorTests.swift in Sources */,
				4318DF3A1FC50A84001E5EFD /* CurrencyListDataSourceTests.swift in Sources */,
				43861A221FC72F000059DE92 /* BootstrapRouterTests.swift in Sources */,
				438F7A5B1FE5BEE3007E3B19 /* CurrencyListBuilderTests.swift in Sources */,
				43861A281FC73A080059DE92 /* BootstrapInteractorTests.swift in Sources */,
			);
			runOnlyForDeploymentPostprocessing = 0;
		};
/* End PBXSourcesBuildPhase section */

/* Begin PBXTargetDependency section */
		43DC3D791FBD46F0009073AA /* PBXTargetDependency */ = {
			isa = PBXTargetDependency;
			target = 43DC3D621FBD46F0009073AA /* WatchlistViper */;
			targetProxy = 43DC3D781FBD46F0009073AA /* PBXContainerItemProxy */;
		};
/* End PBXTargetDependency section */

/* Begin PBXVariantGroup section */
		43DC3D6A1FBD46F0009073AA /* List.storyboard */ = {
			isa = PBXVariantGroup;
			children = (
				43DC3D6B1FBD46F0009073AA /* Base */,
			);
			name = List.storyboard;
			sourceTree = "<group>";
		};
		43DC3D6F1FBD46F0009073AA /* LaunchScreen.storyboard */ = {
			isa = PBXVariantGroup;
			children = (
				43DC3D701FBD46F0009073AA /* Base */,
			);
			name = LaunchScreen.storyboard;
			sourceTree = "<group>";
		};
/* End PBXVariantGroup section */

/* Begin XCBuildConfiguration section */
		43DC3D7E1FBD46F0009073AA /* Debug */ = {
			isa = XCBuildConfiguration;
			buildSettings = {
				ALWAYS_SEARCH_USER_PATHS = NO;
				CLANG_ANALYZER_NONNULL = YES;
				CLANG_ANALYZER_NUMBER_OBJECT_CONVERSION = YES_AGGRESSIVE;
				CLANG_CXX_LANGUAGE_STANDARD = "gnu++14";
				CLANG_CXX_LIBRARY = "libc++";
				CLANG_ENABLE_MODULES = YES;
				CLANG_ENABLE_OBJC_ARC = YES;
				CLANG_WARN_BLOCK_CAPTURE_AUTORELEASING = YES;
				CLANG_WARN_BOOL_CONVERSION = YES;
				CLANG_WARN_COMMA = YES;
				CLANG_WARN_CONSTANT_CONVERSION = YES;
				CLANG_WARN_DIRECT_OBJC_ISA_USAGE = YES_ERROR;
				CLANG_WARN_DOCUMENTATION_COMMENTS = YES;
				CLANG_WARN_EMPTY_BODY = YES;
				CLANG_WARN_ENUM_CONVERSION = YES;
				CLANG_WARN_INFINITE_RECURSION = YES;
				CLANG_WARN_INT_CONVERSION = YES;
				CLANG_WARN_NON_LITERAL_NULL_CONVERSION = YES;
				CLANG_WARN_OBJC_LITERAL_CONVERSION = YES;
				CLANG_WARN_OBJC_ROOT_CLASS = YES_ERROR;
				CLANG_WARN_RANGE_LOOP_ANALYSIS = YES;
				CLANG_WARN_STRICT_PROTOTYPES = YES;
				CLANG_WARN_SUSPICIOUS_MOVE = YES;
				CLANG_WARN_UNGUARDED_AVAILABILITY = YES_AGGRESSIVE;
				CLANG_WARN_UNREACHABLE_CODE = YES;
				CLANG_WARN__DUPLICATE_METHOD_MATCH = YES;
				CODE_SIGN_IDENTITY = "iPhone Developer";
				COPY_PHASE_STRIP = NO;
				DEBUG_INFORMATION_FORMAT = dwarf;
				ENABLE_STRICT_OBJC_MSGSEND = YES;
				ENABLE_TESTABILITY = YES;
				GCC_C_LANGUAGE_STANDARD = gnu11;
				GCC_DYNAMIC_NO_PIC = NO;
				GCC_NO_COMMON_BLOCKS = YES;
				GCC_OPTIMIZATION_LEVEL = 0;
				GCC_PREPROCESSOR_DEFINITIONS = (
					"DEBUG=1",
					"$(inherited)",
				);
				GCC_WARN_64_TO_32_BIT_CONVERSION = YES;
				GCC_WARN_ABOUT_RETURN_TYPE = YES_ERROR;
				GCC_WARN_UNDECLARED_SELECTOR = YES;
				GCC_WARN_UNINITIALIZED_AUTOS = YES_AGGRESSIVE;
				GCC_WARN_UNUSED_FUNCTION = YES;
				GCC_WARN_UNUSED_VARIABLE = YES;
				IPHONEOS_DEPLOYMENT_TARGET = 11.1;
				MTL_ENABLE_DEBUG_INFO = YES;
				ONLY_ACTIVE_ARCH = YES;
				SDKROOT = iphoneos;
				SWIFT_ACTIVE_COMPILATION_CONDITIONS = DEBUG;
				SWIFT_OPTIMIZATION_LEVEL = "-Onone";
			};
			name = Debug;
		};
		43DC3D7F1FBD46F0009073AA /* Release */ = {
			isa = XCBuildConfiguration;
			buildSettings = {
				ALWAYS_SEARCH_USER_PATHS = NO;
				CLANG_ANALYZER_NONNULL = YES;
				CLANG_ANALYZER_NUMBER_OBJECT_CONVERSION = YES_AGGRESSIVE;
				CLANG_CXX_LANGUAGE_STANDARD = "gnu++14";
				CLANG_CXX_LIBRARY = "libc++";
				CLANG_ENABLE_MODULES = YES;
				CLANG_ENABLE_OBJC_ARC = YES;
				CLANG_WARN_BLOCK_CAPTURE_AUTORELEASING = YES;
				CLANG_WARN_BOOL_CONVERSION = YES;
				CLANG_WARN_COMMA = YES;
				CLANG_WARN_CONSTANT_CONVERSION = YES;
				CLANG_WARN_DIRECT_OBJC_ISA_USAGE = YES_ERROR;
				CLANG_WARN_DOCUMENTATION_COMMENTS = YES;
				CLANG_WARN_EMPTY_BODY = YES;
				CLANG_WARN_ENUM_CONVERSION = YES;
				CLANG_WARN_INFINITE_RECURSION = YES;
				CLANG_WARN_INT_CONVERSION = YES;
				CLANG_WARN_NON_LITERAL_NULL_CONVERSION = YES;
				CLANG_WARN_OBJC_LITERAL_CONVERSION = YES;
				CLANG_WARN_OBJC_ROOT_CLASS = YES_ERROR;
				CLANG_WARN_RANGE_LOOP_ANALYSIS = YES;
				CLANG_WARN_STRICT_PROTOTYPES = YES;
				CLANG_WARN_SUSPICIOUS_MOVE = YES;
				CLANG_WARN_UNGUARDED_AVAILABILITY = YES_AGGRESSIVE;
				CLANG_WARN_UNREACHABLE_CODE = YES;
				CLANG_WARN__DUPLICATE_METHOD_MATCH = YES;
				CODE_SIGN_IDENTITY = "iPhone Developer";
				COPY_PHASE_STRIP = NO;
				DEBUG_INFORMATION_FORMAT = "dwarf-with-dsym";
				ENABLE_NS_ASSERTIONS = NO;
				ENABLE_STRICT_OBJC_MSGSEND = YES;
				GCC_C_LANGUAGE_STANDARD = gnu11;
				GCC_NO_COMMON_BLOCKS = YES;
				GCC_WARN_64_TO_32_BIT_CONVERSION = YES;
				GCC_WARN_ABOUT_RETURN_TYPE = YES_ERROR;
				GCC_WARN_UNDECLARED_SELECTOR = YES;
				GCC_WARN_UNINITIALIZED_AUTOS = YES_AGGRESSIVE;
				GCC_WARN_UNUSED_FUNCTION = YES;
				GCC_WARN_UNUSED_VARIABLE = YES;
				IPHONEOS_DEPLOYMENT_TARGET = 11.1;
				MTL_ENABLE_DEBUG_INFO = NO;
				SDKROOT = iphoneos;
				SWIFT_OPTIMIZATION_LEVEL = "-Owholemodule";
				VALIDATE_PRODUCT = YES;
			};
			name = Release;
		};
		43DC3D811FBD46F0009073AA /* Debug */ = {
			isa = XCBuildConfiguration;
			baseConfigurationReference = A9E2551DC8BF1AD7542EFE1E /* Pods-WatchlistViper.debug.xcconfig */;
			buildSettings = {
				ALWAYS_EMBED_SWIFT_STANDARD_LIBRARIES = "$(inherited)";
				ASSETCATALOG_COMPILER_APPICON_NAME = AppIcon;
				CODE_SIGN_STYLE = Automatic;
				DEVELOPMENT_TEAM = F66JRL63QT;
				FRAMEWORK_SEARCH_PATHS = "$(inherited)";
				INFOPLIST_FILE = WatchlistViper/Info.plist;
				IPHONEOS_DEPLOYMENT_TARGET = 11.0;
				LD_RUNPATH_SEARCH_PATHS = "$(inherited) @executable_path/Frameworks";
				PRODUCT_BUNDLE_IDENTIFIER = com.ericdrew.WatchlistViper;
				PRODUCT_NAME = "$(TARGET_NAME)";
				SWIFT_VERSION = 4.0;
				TARGETED_DEVICE_FAMILY = 1;
			};
			name = Debug;
		};
		43DC3D821FBD46F0009073AA /* Release */ = {
			isa = XCBuildConfiguration;
			baseConfigurationReference = D61DAFDA5ECE7F5F2415BCF7 /* Pods-WatchlistViper.release.xcconfig */;
			buildSettings = {
				ALWAYS_EMBED_SWIFT_STANDARD_LIBRARIES = "$(inherited)";
				ASSETCATALOG_COMPILER_APPICON_NAME = AppIcon;
				CODE_SIGN_STYLE = Automatic;
				DEVELOPMENT_TEAM = F66JRL63QT;
				FRAMEWORK_SEARCH_PATHS = "$(inherited)";
				INFOPLIST_FILE = WatchlistViper/Info.plist;
				IPHONEOS_DEPLOYMENT_TARGET = 11.0;
				LD_RUNPATH_SEARCH_PATHS = "$(inherited) @executable_path/Frameworks";
				PRODUCT_BUNDLE_IDENTIFIER = com.ericdrew.WatchlistViper;
				PRODUCT_NAME = "$(TARGET_NAME)";
				SWIFT_VERSION = 4.0;
				TARGETED_DEVICE_FAMILY = 1;
			};
			name = Release;
		};
		43DC3D841FBD46F0009073AA /* Debug */ = {
			isa = XCBuildConfiguration;
			baseConfigurationReference = C538E2D7D215AEDFB3B4851C /* Pods-WatchlistViperTests.debug.xcconfig */;
			buildSettings = {
				ALWAYS_EMBED_SWIFT_STANDARD_LIBRARIES = "$(inherited)";
				BUNDLE_LOADER = "$(TEST_HOST)";
				CLANG_ENABLE_MODULES = YES;
				CODE_SIGN_STYLE = Automatic;
				DEVELOPMENT_TEAM = F66JRL63QT;
				FRAMEWORK_SEARCH_PATHS = "$(inherited)";
				INFOPLIST_FILE = WatchlistViperTests/Info.plist;
				IPHONEOS_DEPLOYMENT_TARGET = 11.0;
				LD_RUNPATH_SEARCH_PATHS = "$(inherited) @executable_path/Frameworks @loader_path/Frameworks";
				PRODUCT_BUNDLE_IDENTIFIER = com.ericdrew.WatchlistViperTests;
				PRODUCT_NAME = "$(TARGET_NAME)";
				SWIFT_OPTIMIZATION_LEVEL = "-Onone";
				SWIFT_VERSION = 4.0;
				TARGETED_DEVICE_FAMILY = "1,2";
				TEST_HOST = "$(BUILT_PRODUCTS_DIR)/WatchlistViper.app/WatchlistViper";
			};
			name = Debug;
		};
		43DC3D851FBD46F0009073AA /* Release */ = {
			isa = XCBuildConfiguration;
			baseConfigurationReference = 8EF5C50737108663962E9B76 /* Pods-WatchlistViperTests.release.xcconfig */;
			buildSettings = {
				ALWAYS_EMBED_SWIFT_STANDARD_LIBRARIES = "$(inherited)";
				BUNDLE_LOADER = "$(TEST_HOST)";
				CLANG_ENABLE_MODULES = YES;
				CODE_SIGN_STYLE = Automatic;
				DEVELOPMENT_TEAM = F66JRL63QT;
				FRAMEWORK_SEARCH_PATHS = "$(inherited)";
				INFOPLIST_FILE = WatchlistViperTests/Info.plist;
				IPHONEOS_DEPLOYMENT_TARGET = 11.0;
				LD_RUNPATH_SEARCH_PATHS = "$(inherited) @executable_path/Frameworks @loader_path/Frameworks";
				PRODUCT_BUNDLE_IDENTIFIER = com.ericdrew.WatchlistViperTests;
				PRODUCT_NAME = "$(TARGET_NAME)";
				SWIFT_VERSION = 4.0;
				TARGETED_DEVICE_FAMILY = "1,2";
				TEST_HOST = "$(BUILT_PRODUCTS_DIR)/WatchlistViper.app/WatchlistViper";
			};
			name = Release;
		};
/* End XCBuildConfiguration section */

/* Begin XCConfigurationList section */
		43DC3D5E1FBD46F0009073AA /* Build configuration list for PBXProject "WatchlistViper" */ = {
			isa = XCConfigurationList;
			buildConfigurations = (
				43DC3D7E1FBD46F0009073AA /* Debug */,
				43DC3D7F1FBD46F0009073AA /* Release */,
			);
			defaultConfigurationIsVisible = 0;
			defaultConfigurationName = Release;
		};
		43DC3D801FBD46F0009073AA /* Build configuration list for PBXNativeTarget "WatchlistViper" */ = {
			isa = XCConfigurationList;
			buildConfigurations = (
				43DC3D811FBD46F0009073AA /* Debug */,
				43DC3D821FBD46F0009073AA /* Release */,
			);
			defaultConfigurationIsVisible = 0;
			defaultConfigurationName = Release;
		};
		43DC3D831FBD46F0009073AA /* Build configuration list for PBXNativeTarget "WatchlistViperTests" */ = {
			isa = XCConfigurationList;
			buildConfigurations = (
				43DC3D841FBD46F0009073AA /* Debug */,
				43DC3D851FBD46F0009073AA /* Release */,
			);
			defaultConfigurationIsVisible = 0;
			defaultConfigurationName = Release;
		};
/* End XCConfigurationList section */
	};
	rootObject = 43DC3D5B1FBD46F0009073AA /* Project object */;
}
